# generated by rye
# use `rye lock` or `rye sync` to update this lockfile
#
# last locked with the following flags:
#   pre: false
#   features: []
#   all-features: true
#   with-sources: false
#   generate-hashes: false
#   universal: false

-e file:.
adlfs==2024.4.1
    # via pyfusion
aiobotocore==2.12.3
    # via s3fs
aiohttp==3.9.5
    # via adlfs
    # via aiobotocore
    # via aiohttp-sse-client
    # via gcsfs
    # via pyfusion
    # via s3fs
aiohttp-sse-client==0.2.1
    # via pyfusion
aioitertools==0.11.0
    # via aiobotocore
aiosignal==1.3.1
    # via aiohttp
anyio==4.3.0
    # via jupyter-server
argon2-cffi==23.1.0
    # via jupyter-server
    # via nbclassic
    # via notebook
argon2-cffi-bindings==21.2.0
    # via argon2-cffi
arrow==1.3.0
    # via isoduration
asttokens==2.4.1
    # via stack-data
async-timeout==4.0.3
    # via aiohttp
attrs==23.2.0
    # via aiohttp
    # via aiohttp-sse-client
    # via jsonschema
    # via referencing
azure-core==1.30.1
    # via adlfs
    # via azure-identity
    # via azure-storage-blob
azure-datalake-store==0.0.53
    # via adlfs
azure-identity==1.16.0
    # via adlfs
azure-storage-blob==12.19.1
    # via adlfs
babel==2.14.0
    # via mkdocs-material
beautifulsoup4==4.12.3
    # via nbconvert
bleach==6.1.0
    # via nbconvert
botocore==1.34.69
    # via aiobotocore
bracex==2.4
    # via wcmatch
cachetools==5.3.3
    # via google-auth
certifi==2024.2.2
    # via pyfusion
    # via requests
cffi==1.16.0
    # via argon2-cffi-bindings
    # via azure-datalake-store
    # via cryptography
charset-normalizer==3.3.2
    # via requests
click==8.1.7
    # via mkdocs
    # via mkdocstrings
colorama==0.4.6
    # via griffe
    # via mkdocs-material
comm==0.2.2
    # via ipykernel
cryptography==42.0.5
    # via azure-identity
    # via azure-storage-blob
    # via msal
    # via pyjwt
debugpy==1.8.1
    # via ipykernel
decorator==5.1.1
    # via gcsfs
    # via ipython
defusedxml==0.7.1
    # via nbconvert
docutils==0.21.2
    # via pyfusion
entrypoints==0.4
    # via jupyter-client
exceptiongroup==1.2.2
    # via anyio
    # via ipython
executing==2.0.1
    # via stack-data
fastjsonschema==2.19.1
    # via nbformat
fqdn==1.5.1
    # via jsonschema
frozenlist==1.4.1
    # via aiohttp
    # via aiosignal
fsspec==2024.3.1
    # via adlfs
    # via gcsfs
    # via pyfusion
    # via s3fs
gcsfs==2024.3.1
    # via pyfusion
ghp-import==2.1.0
    # via mkdocs
gitdb==4.0.11
    # via gitpython
gitpython==3.1.43
    # via mkdocs-git-revision-date-plugin
google-api-core==2.18.0
    # via google-cloud-core
    # via google-cloud-storage
google-auth==2.29.0
    # via gcsfs
    # via google-api-core
    # via google-auth-oauthlib
    # via google-cloud-core
    # via google-cloud-storage
google-auth-oauthlib==1.2.0
    # via gcsfs
google-cloud-core==2.4.1
    # via google-cloud-storage
google-cloud-storage==2.16.0
    # via gcsfs
google-crc32c==1.5.0
    # via google-cloud-storage
    # via google-resumable-media
google-resumable-media==2.7.0
    # via google-cloud-storage
googleapis-common-protos==1.63.0
    # via google-api-core
griffe==0.44.0
    # via mkdocstrings-python
idna==3.7
    # via anyio
    # via jsonschema
    # via requests
    # via yarl
importlib-metadata==7.1.0
    # via markdown
    # via mike
    # via mkdocs
    # via mkdocs-get-deps
    # via mkdocstrings
    # via nbconvert
importlib-resources==6.4.0
    # via mike
ipykernel==6.29.4
    # via mkdocs-jupyter
    # via nbclassic
    # via notebook
ipython==8.18.1
    # via ipykernel
ipython-genutils==0.2.0
    # via jupyter-contrib-nbextensions
    # via nbclassic
    # via notebook
isodate==0.6.1
    # via azure-storage-blob
isoduration==20.11.0
    # via jsonschema
jedi==0.19.1
    # via ipython
jinja2==3.1.3
    # via jupyter-server
    # via mike
    # via mkdocs
    # via mkdocs-git-revision-date-plugin
    # via mkdocs-material
    # via mkdocstrings
    # via nbclassic
    # via nbconvert
    # via notebook
jmespath==1.0.1
    # via botocore
joblib==1.4.0
    # via pyfusion
jsonpointer==2.4
    # via jsonschema
jsonschema==4.21.1
    # via jupyter-events
    # via nbformat
jsonschema-specifications==2023.12.1
    # via jsonschema
jupyter-client==7.4.9
    # via ipykernel
    # via jupyter-server
    # via nbclassic
    # via nbclient
    # via notebook
jupyter-contrib-core==0.4.2
    # via jupyter-contrib-nbextensions
    # via jupyter-nbextensions-configurator
jupyter-contrib-nbextensions==0.7.0
    # via pyfusion
jupyter-core==5.7.2
    # via ipykernel
    # via jupyter-client
    # via jupyter-contrib-core
    # via jupyter-contrib-nbextensions
    # via jupyter-nbextensions-configurator
    # via jupyter-server
    # via nbclassic
    # via nbclient
    # via nbconvert
    # via nbformat
    # via notebook
jupyter-events==0.10.0
    # via jupyter-server
jupyter-highlight-selected-word==0.2.0
    # via jupyter-contrib-nbextensions
jupyter-nbextensions-configurator==0.6.3
    # via jupyter-contrib-nbextensions
jupyter-server==2.14.0
    # via nbclassic
    # via notebook-shim
jupyter-server-terminals==0.5.3
    # via jupyter-server
jupyterlab-pygments==0.3.0
    # via nbconvert
jupytext==1.16.1
    # via mkdocs-jupyter
lxml==5.2.1
    # via jupyter-contrib-nbextensions
markdown==3.6
    # via mkdocs
    # via mkdocs-autorefs
    # via mkdocs-material
    # via mkdocstrings
    # via pymdown-extensions
markdown-it-py==3.0.0
    # via jupytext
    # via mdit-py-plugins
    # via rich
markupsafe==2.1.5
    # via jinja2
    # via mkdocs
    # via mkdocs-autorefs
    # via mkdocstrings
    # via nbconvert
matplotlib-inline==0.1.7
    # via ipykernel
    # via ipython
mdit-py-plugins==0.4.0
    # via jupytext
mdurl==0.1.2
    # via markdown-it-py
mergedeep==1.3.4
    # via mkdocs
    # via mkdocs-get-deps
mike==2.0.0
    # via pyfusion
mistune==3.0.2
    # via nbconvert
mkdocs==1.6.0
    # via mike
    # via mkdocs-autorefs
    # via mkdocs-git-revision-date-plugin
    # via mkdocs-include-markdown-plugin
    # via mkdocs-jupyter
    # via mkdocs-material
    # via mkdocstrings
    # via pyfusion
mkdocs-autorefs==1.0.1
    # via mkdocstrings
    # via pyfusion
mkdocs-get-deps==0.2.0
    # via mkdocs
mkdocs-git-revision-date-plugin==0.3.2
    # via pyfusion
mkdocs-include-markdown-plugin==6.0.5
    # via pyfusion
mkdocs-jupyter==0.24.7
    # via pyfusion
mkdocs-material==9.5.19
    # via mkdocs-jupyter
    # via pyfusion
mkdocs-material-extensions==1.3.1
    # via mkdocs-material
mkdocstrings==0.25.0
    # via mkdocstrings-python
    # via pyfusion
mkdocstrings-python==1.10.0
    # via pyfusion
msal==1.28.0
    # via azure-datalake-store
    # via azure-identity
    # via msal-extensions
msal-extensions==1.1.0
    # via azure-identity
multidict==6.0.5
    # via aiohttp
    # via aiohttp-sse-client
    # via yarl
nbclassic==1.0.0
    # via notebook
nbclient==0.10.0
    # via nbconvert
nbconvert==7.16.3
    # via jupyter-contrib-nbextensions
    # via jupyter-server
    # via mkdocs-jupyter
    # via nbclassic
    # via notebook
nbformat==5.10.4
    # via jupyter-server
    # via jupytext
    # via nbclassic
    # via nbclient
    # via nbconvert
    # via notebook
nest-asyncio==1.6.0
    # via ipykernel
    # via jupyter-client
    # via nbclassic
    # via notebook
notebook==6.5.6
    # via jupyter-contrib-core
    # via jupyter-contrib-nbextensions
    # via jupyter-nbextensions-configurator
    # via pyfusion
notebook-shim==0.2.4
    # via nbclassic
numpy==1.26.4
    # via pandas
    # via pyarrow
oauthlib==3.2.2
    # via requests-oauthlib
overrides==7.7.0
    # via jupyter-server
packaging==24.0
    # via ipykernel
    # via jupyter-server
    # via jupytext
    # via mkdocs
    # via msal-extensions
    # via nbconvert
paginate==0.5.6
    # via mkdocs-material
pandas==2.2.2
    # via pyfusion
pandocfilters==1.5.1
    # via nbconvert
parso==0.8.4
    # via jedi
pathspec==0.12.1
    # via mkdocs
pexpect==4.9.0
    # via ipython
platformdirs==4.2.1
    # via jupyter-core
    # via mkdocs-get-deps
    # via mkdocstrings
polars==0.20.22
    # via pyfusion
portalocker==2.8.2
    # via msal-extensions
prometheus-client==0.20.0
    # via jupyter-server
    # via nbclassic
    # via notebook
prompt-toolkit==3.0.43
    # via ipython
proto-plus==1.23.0
    # via google-api-core
protobuf==4.25.3
    # via google-api-core
    # via googleapis-common-protos
    # via proto-plus
psutil==5.9.8
    # via ipykernel
ptyprocess==0.7.0
    # via pexpect
    # via terminado
pure-eval==0.2.2
    # via stack-data
pyarrow==16.0.0
    # via pyfusion
pyasn1==0.6.0
    # via pyasn1-modules
    # via rsa
pyasn1-modules==0.4.0
    # via google-auth
pycparser==2.22
    # via cffi
pygments==2.17.2
    # via ipython
    # via mkdocs-jupyter
    # via mkdocs-material
    # via nbconvert
    # via rich
pyjwt==2.8.0
    # via msal
pymdown-extensions==10.8.1
    # via mkdocs-material
    # via mkdocstrings
pyparsing==3.1.2
    # via mike
python-dateutil==2.9.0.post0
    # via arrow
    # via botocore
    # via ghp-import
    # via jupyter-client
    # via pandas
python-json-logger==2.0.7
    # via jupyter-events
pytz==2024.1
    # via pandas
pyyaml==6.0.1
    # via jupyter-events
    # via jupyter-nbextensions-configurator
    # via jupytext
    # via mike
    # via mkdocs
    # via mkdocs-get-deps
    # via pymdown-extensions
    # via pyyaml-env-tag
pyyaml-env-tag==0.1
    # via mkdocs
pyzmq==24.0.1
    # via ipykernel
    # via jupyter-client
    # via jupyter-server
    # via nbclassic
    # via notebook
referencing==0.35.0
    # via jsonschema
    # via jsonschema-specifications
    # via jupyter-events
regex==2024.4.16
    # via mkdocs-material
requests==2.31.0
    # via azure-core
    # via azure-datalake-store
    # via gcsfs
    # via google-api-core
    # via google-cloud-storage
    # via mkdocs-material
    # via msal
    # via pyfusion
    # via requests-oauthlib
    # via sseclient
requests-oauthlib==2.0.0
    # via google-auth-oauthlib
rfc3339-validator==0.1.4
    # via jsonschema
    # via jupyter-events
rfc3986-validator==0.1.1
    # via jsonschema
    # via jupyter-events
rich==13.7.1
    # via pyfusion
rpds-py==0.18.0
    # via jsonschema
    # via referencing
rsa==4.9
    # via google-auth
s3fs==2024.3.1
    # via pyfusion
send2trash==1.8.3
    # via jupyter-server
    # via nbclassic
    # via notebook
setuptools==69.5.1
    # via jupyter-contrib-core
six==1.16.0
    # via asttokens
    # via azure-core
    # via bleach
    # via isodate
    # via python-dateutil
    # via rfc3339-validator
    # via sseclient
smmap==5.0.1
    # via gitdb
sniffio==1.3.1
    # via anyio
soupsieve==2.5
    # via beautifulsoup4
sseclient==0.0.27
    # via pyfusion
stack-data==0.6.3
    # via ipython
tabulate==0.9.0
    # via pyfusion
terminado==0.18.1
    # via jupyter-server
    # via jupyter-server-terminals
    # via nbclassic
    # via notebook
tinycss2==1.3.0
    # via nbconvert
toml==0.10.2
    # via jupytext
tornado==6.4
    # via ipykernel
    # via jupyter-client
    # via jupyter-contrib-core
    # via jupyter-contrib-nbextensions
    # via jupyter-nbextensions-configurator
    # via jupyter-server
    # via nbclassic
    # via notebook
    # via terminado
traitlets==5.14.3
    # via comm
    # via ipykernel
    # via ipython
    # via jupyter-client
    # via jupyter-contrib-core
    # via jupyter-contrib-nbextensions
    # via jupyter-core
    # via jupyter-events
    # via jupyter-nbextensions-configurator
    # via jupyter-server
    # via matplotlib-inline
    # via nbclassic
    # via nbclient
    # via nbconvert
    # via nbformat
    # via notebook
types-python-dateutil==2.9.0.20240316
    # via arrow
typing-extensions==4.11.0
    # via aioitertools
    # via anyio
    # via azure-core
    # via azure-storage-blob
    # via ipython
    # via mkdocstrings
tzdata==2024.1
    # via pandas
uri-template==1.3.0
    # via jsonschema
urllib3==1.26.18
    # via botocore
    # via requests
verspec==0.1.0
    # via mike
watchdog==4.0.0
    # via mkdocs
wcmatch==8.5.1
    # via mkdocs-include-markdown-plugin
wcwidth==0.2.13
    # via prompt-toolkit
webcolors==1.13
    # via jsonschema
webencodings==0.5.1
    # via bleach
    # via tinycss2
websocket-client==1.8.0
    # via jupyter-server
wrapt==1.16.0
    # via aiobotocore
yarl==1.9.4
    # via aiohttp
    # via aiohttp-sse-client
zipp==3.18.1
    # via importlib-metadata
    # via importlib-resources
